
Microsoft Visual Studio Solution File, Format Version 12.00
# Visual Studio Version 17
VisualStudioVersion = 17.11.35312.102
MinimumVisualStudioVersion = 10.0.40219.1
Project("{8BC9CEB8-8B4A-11D0-8D11-00A0C91BC942}") = "lab6.1ite", "lab6.1ite.vcxproj", "{BEB27493-51F0-46F8-8648-4E1EB502D828}"
EndProject
Project("{8BC9CEB8-8B4A-11D0-8D11-00A0C91BC942}") = "UnitTest6.1", "UnitTest6.1\UnitTest6.1.vcxproj", "{4DFA9C19-BE9E-46AC-9385-65042C98E5D1}"
EndProject
Global
	GlobalSection(SolutionConfigurationPlatforms) = preSolution
		Debug|x64 = Debug|x64
		Debug|x86 = Debug|x86
		Release|x64 = Release|x64
		Release|x86 = Release|x86
	EndGlobalSection
	GlobalSection(ProjectConfigurationPlatforms) = postSolution
		{BEB27493-51F0-46F8-8648-4E1EB502D828}.Debug|x64.ActiveCfg = Debug|x64
		{BEB27493-51F0-46F8-8648-4E1EB502D828}.Debug|x64.Build.0 = Debug|x64
		{BEB27493-51F0-46F8-8648-4E1EB502D828}.Debug|x86.ActiveCfg = Debug|Win32
		{BEB27493-51F0-46F8-8648-4E1EB502D828}.Debug|x86.Build.0 = Debug|Win32
		{BEB27493-51F0-46F8-8648-4E1EB502D828}.Release|x64.ActiveCfg = Release|x64
		{BEB27493-51F0-46F8-8648-4E1EB502D828}.Release|x64.Build.0 = Release|x64
		{BEB27493-51F0-46F8-8648-4E1EB502D828}.Release|x86.ActiveCfg = Release|Win32
		{BEB27493-51F0-46F8-8648-4E1EB502D828}.Release|x86.Build.0 = Release|Win32
		{4DFA9C19-BE9E-46AC-9385-65042C98E5D1}.Debug|x64.ActiveCfg = Debug|x64
		{4DFA9C19-BE9E-46AC-9385-65042C98E5D1}.Debug|x64.Build.0 = Debug|x64
		{4DFA9C19-BE9E-46AC-9385-65042C98E5D1}.Debug|x86.ActiveCfg = Debug|Win32
		{4DFA9C19-BE9E-46AC-9385-65042C98E5D1}.Debug|x86.Build.0 = Debug|Win32
		{4DFA9C19-BE9E-46AC-9385-65042C98E5D1}.Release|x64.ActiveCfg = Release|x64
		{4DFA9C19-BE9E-46AC-9385-65042C98E5D1}.Release|x64.Build.0 = Release|x64
		{4DFA9C19-BE9E-46AC-9385-65042C98E5D1}.Release|x86.ActiveCfg = Release|Win32
		{4DFA9C19-BE9E-46AC-9385-65042C98E5D1}.Release|x86.Build.0 = Release|Win32
	EndGlobalSection
	GlobalSection(SolutionProperties) = preSolution
		HideSolutionNode = FALSE
	EndGlobalSection
	GlobalSection(ExtensibilityGlobals) = postSolution
		SolutionGuid = {85882F62-F819-49C9-94D5-EA5EA45418F3}
	EndGlobalSection
EndGlobal
